// !$*UTF8*$!
{
	archiveVersion = 1;
	classes = {
	};
	objectVersion = 46;
	objects = {

/* Begin PBXBuildFile section */
		55061CE31E71E27700053558 /* Timer.cpp in Sources */ = {isa = PBXBuildFile; fileRef = 55061CE11E71E27700053558 /* Timer.cpp */; };
		553CADEF1E7711EF00FB8829 /* Fooditem.cpp in Sources */ = {isa = PBXBuildFile; fileRef = 553CADED1E7711EF00FB8829 /* Fooditem.cpp */; };
		5553D4CB1E4BA1F4009ADE8D /* NodeRunner.cpp in Sources */ = {isa = PBXBuildFile; fileRef = 5553D4CA1E4BA1F4009ADE8D /* NodeRunner.cpp */; };
		5553D4CF1E4BA219009ADE8D /* IntNodeArray.cpp in Sources */ = {isa = PBXBuildFile; fileRef = 5553D4CD1E4BA219009ADE8D /* IntNodeArray.cpp */; };
		5553D4D21E4BA272009ADE8D /* DataStructureController.cpp in Sources */ = {isa = PBXBuildFile; fileRef = 5553D4D01E4BA272009ADE8D /* DataStructureController.cpp */; };
		5553D4D41E4BA2BF009ADE8D /* IntNode.cpp in Sources */ = {isa = PBXBuildFile; fileRef = 5553D4D31E4BA2BF009ADE8D /* IntNode.cpp */; };
		5569E73F1E89A0E200774450 /* FileController.cpp in Sources */ = {isa = PBXBuildFile; fileRef = 5569E73E1E89A0E200774450 /* FileController.cpp */; };
		5569E7451E89A50700774450 /* StructureTester.cpp in Sources */ = {isa = PBXBuildFile; fileRef = 5569E7441E89A50700774450 /* StructureTester.cpp */; };
		55FFBD571E8C2AB400CA9295 /* CrimeData.cpp in Sources */ = {isa = PBXBuildFile; fileRef = 55FFBD551E8C2AB400CA9295 /* CrimeData.cpp */; };
/* End PBXBuildFile section */

/* Begin PBXCopyFilesBuildPhase section */
		5553D4BC1E4BA1B6009ADE8D /* CopyFiles */ = {
			isa = PBXCopyFilesBuildPhase;
			buildActionMask = 2147483647;
			dstPath = /usr/share/man/man1/;
			dstSubfolderSpec = 0;
			files = (
			);
			runOnlyForDeploymentPostprocessing = 1;
		};
/* End PBXCopyFilesBuildPhase section */

/* Begin PBXFileReference section */
		55061CE01E71D7D500053558 /* DoubleList.h */ = {isa = PBXFileReference; lastKnownFileType = sourcecode.c.h; name = DoubleList.h; path = Model/DoubleList.h; sourceTree = "<group>"; };
		55061CE11E71E27700053558 /* Timer.cpp */ = {isa = PBXFileReference; fileEncoding = 4; lastKnownFileType = sourcecode.cpp.cpp; name = Timer.cpp; path = Model/Timer.cpp; sourceTree = "<group>"; };
		55061CE21E71E27700053558 /* Timer.hpp */ = {isa = PBXFileReference; fileEncoding = 4; lastKnownFileType = sourcecode.cpp.h; name = Timer.hpp; path = Model/Timer.hpp; sourceTree = "<group>"; };
		55360EC71E54E431001D9828 /* Array.h */ = {isa = PBXFileReference; lastKnownFileType = sourcecode.c.h; name = Array.h; path = Model/Array.h; sourceTree = "<group>"; };
		553C55EC1E6F4A680063CD62 /* Stack.h */ = {isa = PBXFileReference; lastKnownFileType = sourcecode.c.h; name = Stack.h; path = Model/Stack.h; sourceTree = "<group>"; };
		553CADED1E7711EF00FB8829 /* Fooditem.cpp */ = {isa = PBXFileReference; fileEncoding = 4; lastKnownFileType = sourcecode.cpp.cpp; name = Fooditem.cpp; path = Model/Fooditem.cpp; sourceTree = "<group>"; };
		553CADF01E77122600FB8829 /* Fooditem.h */ = {isa = PBXFileReference; lastKnownFileType = sourcecode.c.h; name = Fooditem.h; path = Model/Fooditem.h; sourceTree = "<group>"; };
		5553D4BE1E4BA1B6009ADE8D /* IntNodeProject */ = {isa = PBXFileReference; explicitFileType = "compiled.mach-o.executable"; includeInIndex = 0; path = IntNodeProject; sourceTree = BUILT_PRODUCTS_DIR; };
		5553D4CA1E4BA1F4009ADE8D /* NodeRunner.cpp */ = {isa = PBXFileReference; fileEncoding = 4; lastKnownFileType = sourcecode.cpp.cpp; name = NodeRunner.cpp; path = Controller/NodeRunner.cpp; sourceTree = "<group>"; };
		5553D4CC1E4BA208009ADE8D /* IntNode.h */ = {isa = PBXFileReference; lastKnownFileType = sourcecode.c.h; name = IntNode.h; path = Model/IntNode.h; sourceTree = "<group>"; };
		5553D4CD1E4BA219009ADE8D /* IntNodeArray.cpp */ = {isa = PBXFileReference; fileEncoding = 4; lastKnownFileType = sourcecode.cpp.cpp; name = IntNodeArray.cpp; path = Model/IntNodeArray.cpp; sourceTree = "<group>"; };
		5553D4CE1E4BA219009ADE8D /* IntNodeArray.hpp */ = {isa = PBXFileReference; fileEncoding = 4; lastKnownFileType = sourcecode.cpp.h; name = IntNodeArray.hpp; path = Model/IntNodeArray.hpp; sourceTree = "<group>"; };
		5553D4D01E4BA272009ADE8D /* DataStructureController.cpp */ = {isa = PBXFileReference; fileEncoding = 4; lastKnownFileType = sourcecode.cpp.cpp; name = DataStructureController.cpp; path = Controller/DataStructureController.cpp; sourceTree = "<group>"; };
		5553D4D11E4BA272009ADE8D /* DataStructureController.hpp */ = {isa = PBXFileReference; fileEncoding = 4; lastKnownFileType = sourcecode.cpp.h; name = DataStructureController.hpp; path = Controller/DataStructureController.hpp; sourceTree = "<group>"; };
		5553D4D31E4BA2BF009ADE8D /* IntNode.cpp */ = {isa = PBXFileReference; fileEncoding = 4; lastKnownFileType = sourcecode.cpp.cpp; name = IntNode.cpp; path = Model/IntNode.cpp; sourceTree = "<group>"; };
		5569E73D1E89A0C500774450 /* FileController.h */ = {isa = PBXFileReference; lastKnownFileType = sourcecode.c.h; name = FileController.h; path = Controller/FileController.h; sourceTree = "<group>"; };
		5569E73E1E89A0E200774450 /* FileController.cpp */ = {isa = PBXFileReference; fileEncoding = 4; lastKnownFileType = sourcecode.cpp.cpp; name = FileController.cpp; path = Controller/FileController.cpp; sourceTree = "<group>"; };
		5569E7431E89A4F800774450 /* StructureTester.h */ = {isa = PBXFileReference; lastKnownFileType = sourcecode.c.h; name = StructureTester.h; path = Controller/StructureTester.h; sourceTree = "<group>"; };
		5569E7441E89A50700774450 /* StructureTester.cpp */ = {isa = PBXFileReference; fileEncoding = 4; lastKnownFileType = sourcecode.cpp.cpp; name = StructureTester.cpp; path = Controller/StructureTester.cpp; sourceTree = "<group>"; };
		558B926C1E5F70010065E45F /* List.hpp */ = {isa = PBXFileReference; lastKnownFileType = sourcecode.cpp.h; name = List.hpp; path = Model/List.hpp; sourceTree = "<group>"; };
		5595359D1E9D5364008E3B8E /* BinarySearchTreeNode.h */ = {isa = PBXFileReference; lastKnownFileType = sourcecode.c.h; name = BinarySearchTreeNode.h; path = Model/BinarySearchTreeNode.h; sourceTree = "<group>"; };
		5595359F1E9D5B51008E3B8E /* BinarySearchTree.h */ = {isa = PBXFileReference; lastKnownFileType = sourcecode.c.h; name = BinarySearchTree.h; path = Model/BinarySearchTree.h; sourceTree = "<group>"; };
		5597530F1E675D340034A83E /* DoublyLinkedList.h */ = {isa = PBXFileReference; lastKnownFileType = sourcecode.c.h; name = DoublyLinkedList.h; path = Model/DoublyLinkedList.h; sourceTree = "<group>"; };
		559753101E6768C00034A83E /* CircularList.h */ = {isa = PBXFileReference; lastKnownFileType = sourcecode.c.h; name = CircularList.h; path = Model/CircularList.h; sourceTree = "<group>"; };
		559A25A61E64C73D006FCBCE /* BiDirectionalNode.h */ = {isa = PBXFileReference; lastKnownFileType = sourcecode.c.h; name = BiDirectionalNode.h; path = Model/BiDirectionalNode.h; sourceTree = "<group>"; };
		55A763211E523EAE00EE9BA5 /* Node.h */ = {isa = PBXFileReference; lastKnownFileType = sourcecode.c.h; name = Node.h; path = Model/Node.h; sourceTree = "<group>"; };
		55EA30CB1E6A048B001B66DE /* Queue.h */ = {isa = PBXFileReference; lastKnownFileType = sourcecode.c.h; name = Queue.h; path = Model/Queue.h; sourceTree = "<group>"; };
		55EA3ADB1EA7EF1100C921CD /* AVLTree.h */ = {isa = PBXFileReference; lastKnownFileType = sourcecode.c.h; name = AVLTree.h; path = Model/AVLTree.h; sourceTree = "<group>"; };
		55F937711EA5350200670C1F /* Tree.hpp */ = {isa = PBXFileReference; fileEncoding = 4; lastKnownFileType = sourcecode.cpp.h; name = Tree.hpp; path = Model/Tree.hpp; sourceTree = "<group>"; };
		55FFBD551E8C2AB400CA9295 /* CrimeData.cpp */ = {isa = PBXFileReference; fileEncoding = 4; lastKnownFileType = sourcecode.cpp.cpp; name = CrimeData.cpp; path = Model/CrimeData.cpp; sourceTree = "<group>"; };
		55FFBD561E8C2AB400CA9295 /* CrimeData.hpp */ = {isa = PBXFileReference; fileEncoding = 4; lastKnownFileType = sourcecode.cpp.h; name = CrimeData.hpp; path = Model/CrimeData.hpp; sourceTree = "<group>"; };
/* End PBXFileReference section */

/* Begin PBXFrameworksBuildPhase section */
		5553D4BB1E4BA1B6009ADE8D /* Frameworks */ = {
			isa = PBXFrameworksBuildPhase;
			buildActionMask = 2147483647;
			files = (
			);
			runOnlyForDeploymentPostprocessing = 0;
		};
/* End PBXFrameworksBuildPhase section */

/* Begin PBXGroup section */
		5553D4B51E4BA1B6009ADE8D = {
			isa = PBXGroup;
			children = (
				5553D4C01E4BA1B6009ADE8D /* IntNodeProject */,
				5553D4BF1E4BA1B6009ADE8D /* Products */,
			);
			sourceTree = "<group>";
		};
		5553D4BF1E4BA1B6009ADE8D /* Products */ = {
			isa = PBXGroup;
			children = (
				5553D4BE1E4BA1B6009ADE8D /* IntNodeProject */,
			);
			name = Products;
			sourceTree = "<group>";
		};
		5553D4C01E4BA1B6009ADE8D /* IntNodeProject */ = {
			isa = PBXGroup;
			children = (
				5553D4C81E4BA1D0009ADE8D /* Model */,
				5553D4C91E4BA1D5009ADE8D /* Controller */,
			);
			path = IntNodeProject;
			sourceTree = "<group>";
		};
		5553D4C81E4BA1D0009ADE8D /* Model */ = {
			isa = PBXGroup;
			children = (
				559535A01E9D5FED008E3B8E /* Trees */,
				559535A11E9D5FFD008E3B8E /* Items to store */,
				559535A21E9D6016008E3B8E /* Tools */,
				559535A31E9D601F008E3B8E /* Linear Structures */,
				559535A41E9D602E008E3B8E /* Nodes */,
			);
			name = Model;
			sourceTree = "<group>";
		};
		5553D4C91E4BA1D5009ADE8D /* Controller */ = {
			isa = PBXGroup;
			children = (
				5553D4CA1E4BA1F4009ADE8D /* NodeRunner.cpp */,
				5553D4D01E4BA272009ADE8D /* DataStructureController.cpp */,
				5553D4D11E4BA272009ADE8D /* DataStructureController.hpp */,
				5569E73D1E89A0C500774450 /* FileController.h */,
				5569E73E1E89A0E200774450 /* FileController.cpp */,
				559535A61E9D613B008E3B8E /* Tester */,
			);
			name = Controller;
			sourceTree = "<group>";
		};
		559535A01E9D5FED008E3B8E /* Trees */ = {
			isa = PBXGroup;
			children = (
				55F937711EA5350200670C1F /* Tree.hpp */,
				5595359F1E9D5B51008E3B8E /* BinarySearchTree.h */,
				55EA3ADB1EA7EF1100C921CD /* AVLTree.h */,
			);
			name = Trees;
			sourceTree = "<group>";
		};
		559535A11E9D5FFD008E3B8E /* Items to store */ = {
			isa = PBXGroup;
			children = (
				55FFBD561E8C2AB400CA9295 /* CrimeData.hpp */,
				55FFBD551E8C2AB400CA9295 /* CrimeData.cpp */,
				553CADF01E77122600FB8829 /* Fooditem.h */,
				553CADED1E7711EF00FB8829 /* Fooditem.cpp */,
			);
			name = "Items to store";
			sourceTree = "<group>";
		};
		559535A21E9D6016008E3B8E /* Tools */ = {
			isa = PBXGroup;
			children = (
				55061CE21E71E27700053558 /* Timer.hpp */,
				55061CE11E71E27700053558 /* Timer.cpp */,
			);
			name = Tools;
			sourceTree = "<group>";
		};
		559535A31E9D601F008E3B8E /* Linear Structures */ = {
			isa = PBXGroup;
			children = (
				5553D4D31E4BA2BF009ADE8D /* IntNode.cpp */,
				5553D4CC1E4BA208009ADE8D /* IntNode.h */,
				5553D4CD1E4BA219009ADE8D /* IntNodeArray.cpp */,
				5553D4CE1E4BA219009ADE8D /* IntNodeArray.hpp */,
				55360EC71E54E431001D9828 /* Array.h */,
				558B926C1E5F70010065E45F /* List.hpp */,
				5597530F1E675D340034A83E /* DoublyLinkedList.h */,
				559753101E6768C00034A83E /* CircularList.h */,
				55EA30CB1E6A048B001B66DE /* Queue.h */,
				553C55EC1E6F4A680063CD62 /* Stack.h */,
				55061CE01E71D7D500053558 /* DoubleList.h */,
			);
			name = "Linear Structures";
			sourceTree = "<group>";
		};
		559535A41E9D602E008E3B8E /* Nodes */ = {
			isa = PBXGroup;
			children = (
				5595359D1E9D5364008E3B8E /* BinarySearchTreeNode.h */,
				559A25A61E64C73D006FCBCE /* BiDirectionalNode.h */,
				55A763211E523EAE00EE9BA5 /* Node.h */,
			);
			name = Nodes;
			sourceTree = "<group>";
		};
		559535A61E9D613B008E3B8E /* Tester */ = {
			isa = PBXGroup;
			children = (
				5569E7431E89A4F800774450 /* StructureTester.h */,
				5569E7441E89A50700774450 /* StructureTester.cpp */,
			);
			name = Tester;
			sourceTree = "<group>";
		};
/* End PBXGroup section */

/* Begin PBXNativeTarget section */
		5553D4BD1E4BA1B6009ADE8D /* IntNodeProject */ = {
			isa = PBXNativeTarget;
			buildConfigurationList = 5553D4C51E4BA1B6009ADE8D /* Build configuration list for PBXNativeTarget "IntNodeProject" */;
			buildPhases = (
				5553D4BA1E4BA1B6009ADE8D /* Sources */,
				5553D4BB1E4BA1B6009ADE8D /* Frameworks */,
				5553D4BC1E4BA1B6009ADE8D /* CopyFiles */,
			);
			buildRules = (
			);
			dependencies = (
			);
			name = IntNodeProject;
			productName = IntNodeProject;
			productReference = 5553D4BE1E4BA1B6009ADE8D /* IntNodeProject */;
			productType = "com.apple.product-type.tool";
		};
/* End PBXNativeTarget section */

/* Begin PBXProject section */
		5553D4B61E4BA1B6009ADE8D /* Project object */ = {
			isa = PBXProject;
			attributes = {
				LastUpgradeCheck = 0810;
				ORGANIZATIONNAME = "Alabudi, Joseph";
				TargetAttributes = {
					5553D4BD1E4BA1B6009ADE8D = {
						CreatedOnToolsVersion = 8.1;
						ProvisioningStyle = Automatic;
					};
				};
			};
			buildConfigurationList = 5553D4B91E4BA1B6009ADE8D /* Build configuration list for PBXProject "IntNodeProject" */;
			compatibilityVersion = "Xcode 3.2";
			developmentRegion = English;
			hasScannedForEncodings = 0;
			knownRegions = (
				en,
			);
			mainGroup = 5553D4B51E4BA1B6009ADE8D;
			productRefGroup = 5553D4BF1E4BA1B6009ADE8D /* Products */;
			projectDirPath = "";
			projectRoot = "";
			targets = (
				5553D4BD1E4BA1B6009ADE8D /* IntNodeProject */,
			);
		};
/* End PBXProject section */

/* Begin PBXSourcesBuildPhase section */
		5553D4BA1E4BA1B6009ADE8D /* Sources */ = {
			isa = PBXSourcesBuildPhase;
			buildActionMask = 2147483647;
			files = (
				5553D4CB1E4BA1F4009ADE8D /* NodeRunner.cpp in Sources */,
				5553D4D41E4BA2BF009ADE8D /* IntNode.cpp in Sources */,
				553CADEF1E7711EF00FB8829 /* Fooditem.cpp in Sources */,
				5553D4D21E4BA272009ADE8D /* DataStructureController.cpp in Sources */,
				55061CE31E71E27700053558 /* Timer.cpp in Sources */,
				55FFBD571E8C2AB400CA9295 /* CrimeData.cpp in Sources */,
				5569E73F1E89A0E200774450 /* FileController.cpp in Sources */,
				5553D4CF1E4BA219009ADE8D /* IntNodeArray.cpp in Sources */,
				5569E7451E89A50700774450 /* StructureTester.cpp in Sources */,
			);
			runOnlyForDeploymentPostprocessing = 0;
		};
/* End PBXSourcesBuildPhase section */

/* Begin XCBuildConfiguration section */
		5553D4C31E4BA1B6009ADE8D /* Debug */ = {
			isa = XCBuildConfiguration;
			buildSettings = {
				ALWAYS_SEARCH_USER_PATHS = NO;
				CLANG_ANALYZER_NONNULL = YES;
				CLANG_CXX_LANGUAGE_STANDARD = "gnu++0x";
				CLANG_CXX_LIBRARY = "libc++";
				CLANG_ENABLE_MODULES = YES;
				CLANG_ENABLE_OBJC_ARC = YES;
				CLANG_WARN_BOOL_CONVERSION = YES;
				CLANG_WARN_CONSTANT_CONVERSION = YES;
				CLANG_WARN_DIRECT_OBJC_ISA_USAGE = YES_ERROR;
				CLANG_WARN_DOCUMENTATION_COMMENTS = YES;
				CLANG_WARN_EMPTY_BODY = YES;
				CLANG_WARN_ENUM_CONVERSION = YES;
				CLANG_WARN_INFINITE_RECURSION = YES;
				CLANG_WARN_INT_CONVERSION = YES;
				CLANG_WARN_OBJC_ROOT_CLASS = YES_ERROR;
				CLANG_WARN_SUSPICIOUS_MOVES = YES;
				CLANG_WARN_UNREACHABLE_CODE = YES;
				CLANG_WARN__DUPLICATE_METHOD_MATCH = YES;
				CODE_SIGN_IDENTITY = "-";
				COPY_PHASE_STRIP = NO;
				DEBUG_INFORMATION_FORMAT = dwarf;
				ENABLE_STRICT_OBJC_MSGSEND = YES;
				ENABLE_TESTABILITY = YES;
				GCC_C_LANGUAGE_STANDARD = gnu99;
				GCC_DYNAMIC_NO_PIC = NO;
				GCC_NO_COMMON_BLOCKS = YES;
				GCC_OPTIMIZATION_LEVEL = 0;
				GCC_PREPROCESSOR_DEFINITIONS = (
					"DEBUG=1",
					"$(inherited)",
				);
				GCC_WARN_64_TO_32_BIT_CONVERSION = YES;
				GCC_WARN_ABOUT_RETURN_TYPE = YES_ERROR;
				GCC_WARN_UNDECLARED_SELECTOR = YES;
				GCC_WARN_UNINITIALIZED_AUTOS = YES_AGGRESSIVE;
				GCC_WARN_UNUSED_FUNCTION = YES;
				GCC_WARN_UNUSED_VARIABLE = YES;
				MACOSX_DEPLOYMENT_TARGET = 10.11;
				MTL_ENABLE_DEBUG_INFO = YES;
				ONLY_ACTIVE_ARCH = YES;
				SDKROOT = macosx;
			};
			name = Debug;
		};
		5553D4C41E4BA1B6009ADE8D /* Release */ = {
			isa = XCBuildConfiguration;
			buildSettings = {
				ALWAYS_SEARCH_USER_PATHS = NO;
				CLANG_ANALYZER_NONNULL = YES;
				CLANG_CXX_LANGUAGE_STANDARD = "gnu++0x";
				CLANG_CXX_LIBRARY = "libc++";
				CLANG_ENABLE_MODULES = YES;
				CLANG_ENABLE_OBJC_ARC = YES;
				CLANG_WARN_BOOL_CONVERSION = YES;
				CLANG_WARN_CONSTANT_CONVERSION = YES;
				CLANG_WARN_DIRECT_OBJC_ISA_USAGE = YES_ERROR;
				CLANG_WARN_DOCUMENTATION_COMMENTS = YES;
				CLANG_WARN_EMPTY_BODY = YES;
				CLANG_WARN_ENUM_CONVERSION = YES;
				CLANG_WARN_INFINITE_RECURSION = YES;
				CLANG_WARN_INT_CONVERSION = YES;
				CLANG_WARN_OBJC_ROOT_CLASS = YES_ERROR;
				CLANG_WARN_SUSPICIOUS_MOVES = YES;
				CLANG_WARN_UNREACHABLE_CODE = YES;
				CLANG_WARN__DUPLICATE_METHOD_MATCH = YES;
				CODE_SIGN_IDENTITY = "-";
				COPY_PHASE_STRIP = NO;
				DEBUG_INFORMATION_FORMAT = "dwarf-with-dsym";
				ENABLE_NS_ASSERTIONS = NO;
				ENABLE_STRICT_OBJC_MSGSEND = YES;
				GCC_C_LANGUAGE_STANDARD = gnu99;
				GCC_NO_COMMON_BLOCKS = YES;
				GCC_WARN_64_TO_32_BIT_CONVERSION = YES;
				GCC_WARN_ABOUT_RETURN_TYPE = YES_ERROR;
				GCC_WARN_UNDECLARED_SELECTOR = YES;
				GCC_WARN_UNINITIALIZED_AUTOS = YES_AGGRESSIVE;
				GCC_WARN_UNUSED_FUNCTION = YES;
				GCC_WARN_UNUSED_VARIABLE = YES;
				MACOSX_DEPLOYMENT_TARGET = 10.11;
				MTL_ENABLE_DEBUG_INFO = NO;
				SDKROOT = macosx;
			};
			name = Release;
		};
		5553D4C61E4BA1B6009ADE8D /* Debug */ = {
			isa = XCBuildConfiguration;
			buildSettings = {
				PRODUCT_NAME = "$(TARGET_NAME)";
			};
			name = Debug;
		};
		5553D4C71E4BA1B6009ADE8D /* Release */ = {
			isa = XCBuildConfiguration;
			buildSettings = {
				PRODUCT_NAME = "$(TARGET_NAME)";
			};
			name = Release;
		};
/* End XCBuildConfiguration section */

/* Begin XCConfigurationList section */
		5553D4B91E4BA1B6009ADE8D /* Build configuration list for PBXProject "IntNodeProject" */ = {
			isa = XCConfigurationList;
			buildConfigurations = (
				5553D4C31E4BA1B6009ADE8D /* Debug */,
				5553D4C41E4BA1B6009ADE8D /* Release */,
			);
			defaultConfigurationIsVisible = 0;
			defaultConfigurationName = Release;
		};
		5553D4C51E4BA1B6009ADE8D /* Build configuration list for PBXNativeTarget "IntNodeProject" */ = {
			isa = XCConfigurationList;
			buildConfigurations = (
				5553D4C61E4BA1B6009ADE8D /* Debug */,
				5553D4C71E4BA1B6009ADE8D /* Release */,
			);
			defaultConfigurationIsVisible = 0;
			defaultConfigurationName = Release;
		};
/* End XCConfigurationList section */
	};
	rootObject = 5553D4B61E4BA1B6009ADE8D /* Project object */;
}
